schema: '2.0'
stages:
  data_ingestion:
    cmd: python src/cnnClassifier/pipeline/stage_01_data_ingestion.py
    deps:
    - path: config/config.yaml
      hash: md5
      md5: 8adf0913c698bf3b642f8bfb6b4b06fe
      size: 788
    - path: src/cnnClassifier/pipeline/stage_01_data_ingestion.py
      hash: md5
      md5: 1525f44cbb4fdfabaa371b64783da965
      size: 959
    outs:
    - path: artifacts/data_ingestion/Chicken-fecal-images
      hash: md5
      md5: 9e1f8dd2eae3c29e9d635df89d438ae4.dir
      size: 12207807
      nfiles: 390
  prepare_base_model:
    cmd: python src/cnnClassifier/pipeline/stage_02_prepare_base_model.py
    deps:
    - path: config/config.yaml
      hash: md5
      md5: 8adf0913c698bf3b642f8bfb6b4b06fe
      size: 788
    - path: src/cnnClassifier/pipeline/stage_02_prepare_base_model.py
      hash: md5
      md5: fef17fffe406f6fdf1b35d227075feca
      size: 1064
    params:
      params.yaml:
        CLASSES: 2
        IMAGE_SIZE:
        - 224
        - 224
        - 3
        INCLUDE_TOP: false
        LEARNING_RATE: 0.01
        WEIGHTS: imagenet
    outs:
    - path: artifacts/prepare_base_model
      hash: md5
      md5: 4319340e99fec8e0b0466ae6ad371add.dir
      size: 118073464
      nfiles: 2
  training:
    cmd: python src/cnnClassifier/pipeline/stage_03_training.py
    deps:
    - path: artifacts/data_ingestion/Chicken-fecal-images
      hash: md5
      md5: 9e1f8dd2eae3c29e9d635df89d438ae4.dir
      size: 12207807
      nfiles: 390
    - path: artifacts/prepare_base_model
      hash: md5
      md5: 4319340e99fec8e0b0466ae6ad371add.dir
      size: 118073464
      nfiles: 2
    - path: config/config.yaml
      hash: md5
      md5: 8adf0913c698bf3b642f8bfb6b4b06fe
      size: 788
    - path: src/cnnClassifier/components/prepare_callbacks.py
      hash: md5
      md5: 3b21ecad5ff523955a9e3d536697eda5
      size: 1101
    - path: src/cnnClassifier/pipeline/stage_03_training.py
      hash: md5
      md5: 8b0a82f0ff93c3753de583b6b8aed4b6
      size: 1624
    params:
      params.yaml:
        AUGMENTATION: true
        BATCH_SIZE: 16
        EPOCHS: 10
        IMAGE_SIZE:
        - 224
        - 224
        - 3
    outs:
    - path: artifacts/training/model.h5
      hash: md5
      md5: 8105ed79c11221cce63264f06c860ee8
      size: 59551208
  evaluation:
    cmd: python src/cnnClassifier/pipeline/stage_04_evaluation.py
    deps:
    - path: artifacts/data_ingestion/Chicken-fecal-images
      hash: md5
      md5: 9e1f8dd2eae3c29e9d635df89d438ae4.dir
      size: 12207807
      nfiles: 390
    - path: artifacts/training/model.h5
      hash: md5
      md5: 8105ed79c11221cce63264f06c860ee8
      size: 59551208
    - path: config/config.yaml
      hash: md5
      md5: 8adf0913c698bf3b642f8bfb6b4b06fe
      size: 788
    - path: src/cnnClassifier/pipeline/stage_04_evaluation.py
      hash: md5
      md5: a61fbc178d34fc843bc4a92e2205bd85
      size: 1123
    params:
      params.yaml:
        BATCH_SIZE: 16
        IMAGE_SIZE:
        - 224
        - 224
        - 3
    outs:
    - path: scores.json
      hash: md5
      md5: 3de126284d9057be90f382c3be7c3386
      size: 73
